
Microsoft Visual Studio Solution File, Format Version 12.00
# Visual Studio 15
Project("{FAE04EC0-301F-11D3-BF4B-00C04F79EFBC}") = "UnityEngine.UI", "UnityEngine.UI.csproj", "{92080EF1-CD3E-9D8C-A5CC-910C05B73EBE}"
EndProject
Project("{FAE04EC0-301F-11D3-BF4B-00C04F79EFBC}") = "UnityEngine.TestRunner", "UnityEngine.TestRunner.csproj", "{23033B95-1347-AD82-7305-CF0572E58EE8}"
EndProject
Project("{FAE04EC0-301F-11D3-BF4B-00C04F79EFBC}") = "Unity.VisualScripting.Flow", "Unity.VisualScripting.Flow.csproj", "{087173AD-04EC-3EB8-AE09-D80E10732EE8}"
EndProject
Project("{FAE04EC0-301F-11D3-BF4B-00C04F79EFBC}") = "Unity.VisualScripting.State", "Unity.VisualScripting.State.csproj", "{44266426-78A8-F64F-0866-E44BD836386F}"
EndProject
Project("{FAE04EC0-301F-11D3-BF4B-00C04F79EFBC}") = "Unity.VisualScripting.Core", "Unity.VisualScripting.Core.csproj", "{D472F997-5131-171F-8863-F90E72FE4ED7}"
EndProject
Project("{FAE04EC0-301F-11D3-BF4B-00C04F79EFBC}") = "Unity.TextMeshPro", "Unity.TextMeshPro.csproj", "{374593CB-B8D5-BA88-A51B-1115DAE01965}"
EndProject
Project("{FAE04EC0-301F-11D3-BF4B-00C04F79EFBC}") = "Unity.Timeline", "Unity.Timeline.csproj", "{0A09A4C8-4CA5-E13D-6AAC-9B8C81C09C2E}"
EndProject
Project("{FAE04EC0-301F-11D3-BF4B-00C04F79EFBC}") = "Assembly-CSharp", "Assembly-CSharp.csproj", "{46C7F848-44C5-62AC-72F4-37A72ED4BF92}"
EndProject
Project("{FAE04EC0-301F-11D3-BF4B-00C04F79EFBC}") = "Unity.PlasticSCM.Editor", "Unity.PlasticSCM.Editor.csproj", "{31E59FA7-24D1-19AC-6C62-0DE03628C0D6}"
EndProject
Project("{FAE04EC0-301F-11D3-BF4B-00C04F79EFBC}") = "Unity.VisualScripting.Core.Editor", "Unity.VisualScripting.Core.Editor.csproj", "{673E1DA8-620F-097A-0DB2-3285EC8E7821}"
EndProject
Project("{FAE04EC0-301F-11D3-BF4B-00C04F79EFBC}") = "Unity.VisualScripting.Flow.Editor", "Unity.VisualScripting.Flow.Editor.csproj", "{E09DB020-0F2F-A43B-B773-64C11A1926B5}"
EndProject
Project("{FAE04EC0-301F-11D3-BF4B-00C04F79EFBC}") = "Unity.VisualStudio.Editor", "Unity.VisualStudio.Editor.csproj", "{59DAC44E-D248-E67E-4252-258337D8E0FF}"
EndProject
Project("{FAE04EC0-301F-11D3-BF4B-00C04F79EFBC}") = "Unity.Timeline.Editor", "Unity.Timeline.Editor.csproj", "{67F36EF2-3FCC-91B3-8CAB-B3757EAD669C}"
EndProject
Project("{FAE04EC0-301F-11D3-BF4B-00C04F79EFBC}") = "Unity.VisualScripting.State.Editor", "Unity.VisualScripting.State.Editor.csproj", "{CBA9BE2F-9246-0BE3-A346-91A378B3E01D}"
EndProject
Project("{FAE04EC0-301F-11D3-BF4B-00C04F79EFBC}") = "Unity.TextMeshPro.Editor", "Unity.TextMeshPro.Editor.csproj", "{F9AC4990-A500-CF65-F850-ACCF0D43BBDE}"
EndProject
Project("{FAE04EC0-301F-11D3-BF4B-00C04F79EFBC}") = "Unity.VisualScripting.SettingsProvider.Editor", "Unity.VisualScripting.SettingsProvider.Editor.csproj", "{F5F04ABD-1CB6-48CA-9909-47B973D46485}"
EndProject
Project("{FAE04EC0-301F-11D3-BF4B-00C04F79EFBC}") = "UnityEditor.TestRunner", "UnityEditor.TestRunner.csproj", "{8BE52F37-17D7-C5E0-760A-A6EBA7D6830E}"
EndProject
Project("{FAE04EC0-301F-11D3-BF4B-00C04F79EFBC}") = "Unity.Rider.Editor", "Unity.Rider.Editor.csproj", "{92B86975-1BD5-8ED1-448E-4DABF090F3B4}"
EndProject
Project("{FAE04EC0-301F-11D3-BF4B-00C04F79EFBC}") = "Unity.VSCode.Editor", "Unity.VSCode.Editor.csproj", "{9708943E-4CD1-BB49-2855-2ECA354BDBFE}"
EndProject
Project("{FAE04EC0-301F-11D3-BF4B-00C04F79EFBC}") = "UnityEditor.UI", "UnityEditor.UI.csproj", "{27C4CA7B-1B19-8F4E-794F-035394C746D7}"
EndProject
Project("{FAE04EC0-301F-11D3-BF4B-00C04F79EFBC}") = "Unity.CollabProxy.Editor", "Unity.CollabProxy.Editor.csproj", "{8B1BEFD2-1727-B71F-0FEF-A2DC7A725EEE}"
EndProject
Project("{FAE04EC0-301F-11D3-BF4B-00C04F79EFBC}") = "Unity.VisualScripting.Shared.Editor", "Unity.VisualScripting.Shared.Editor.csproj", "{7BE0FECA-A7F0-CFF0-AA92-FB508B0F8F3A}"
EndProject
Global
	GlobalSection(SolutionConfigurationPlatforms) = preSolution
		Debug|Any CPU = Debug|Any CPU
		Release|Any CPU = Release|Any CPU
	EndGlobalSection
	GlobalSection(ProjectConfigurationPlatforms) = postSolution
		{92080EF1-CD3E-9D8C-A5CC-910C05B73EBE}.Debug|Any CPU.ActiveCfg = Debug|Any CPU
		{92080EF1-CD3E-9D8C-A5CC-910C05B73EBE}.Debug|Any CPU.Build.0 = Debug|Any CPU
		{92080EF1-CD3E-9D8C-A5CC-910C05B73EBE}.Release|Any CPU.ActiveCfg = Release|Any CPU
		{92080EF1-CD3E-9D8C-A5CC-910C05B73EBE}.Release|Any CPU.Build.0 = Release|Any CPU
		{23033B95-1347-AD82-7305-CF0572E58EE8}.Debug|Any CPU.ActiveCfg = Debug|Any CPU
		{23033B95-1347-AD82-7305-CF0572E58EE8}.Debug|Any CPU.Build.0 = Debug|Any CPU
		{23033B95-1347-AD82-7305-CF0572E58EE8}.Release|Any CPU.ActiveCfg = Release|Any CPU
		{23033B95-1347-AD82-7305-CF0572E58EE8}.Release|Any CPU.Build.0 = Release|Any CPU
		{087173AD-04EC-3EB8-AE09-D80E10732EE8}.Debug|Any CPU.ActiveCfg = Debug|Any CPU
		{087173AD-04EC-3EB8-AE09-D80E10732EE8}.Debug|Any CPU.Build.0 = Debug|Any CPU
		{087173AD-04EC-3EB8-AE09-D80E10732EE8}.Release|Any CPU.ActiveCfg = Release|Any CPU
		{087173AD-04EC-3EB8-AE09-D80E10732EE8}.Release|Any CPU.Build.0 = Release|Any CPU
		{44266426-78A8-F64F-0866-E44BD836386F}.Debug|Any CPU.ActiveCfg = Debug|Any CPU
		{44266426-78A8-F64F-0866-E44BD836386F}.Debug|Any CPU.Build.0 = Debug|Any CPU
		{44266426-78A8-F64F-0866-E44BD836386F}.Release|Any CPU.ActiveCfg = Release|Any CPU
		{44266426-78A8-F64F-0866-E44BD836386F}.Release|Any CPU.Build.0 = Release|Any CPU
		{D472F997-5131-171F-8863-F90E72FE4ED7}.Debug|Any CPU.ActiveCfg = Debug|Any CPU
		{D472F997-5131-171F-8863-F90E72FE4ED7}.Debug|Any CPU.Build.0 = Debug|Any CPU
		{D472F997-5131-171F-8863-F90E72FE4ED7}.Release|Any CPU.ActiveCfg = Release|Any CPU
		{D472F997-5131-171F-8863-F90E72FE4ED7}.Release|Any CPU.Build.0 = Release|Any CPU
		{374593CB-B8D5-BA88-A51B-1115DAE01965}.Debug|Any CPU.ActiveCfg = Debug|Any CPU
		{374593CB-B8D5-BA88-A51B-1115DAE01965}.Debug|Any CPU.Build.0 = Debug|Any CPU
		{374593CB-B8D5-BA88-A51B-1115DAE01965}.Release|Any CPU.ActiveCfg = Release|Any CPU
		{374593CB-B8D5-BA88-A51B-1115DAE01965}.Release|Any CPU.Build.0 = Release|Any CPU
		{0A09A4C8-4CA5-E13D-6AAC-9B8C81C09C2E}.Debug|Any CPU.ActiveCfg = Debug|Any CPU
		{0A09A4C8-4CA5-E13D-6AAC-9B8C81C09C2E}.Debug|Any CPU.Build.0 = Debug|Any CPU
		{0A09A4C8-4CA5-E13D-6AAC-9B8C81C09C2E}.Release|Any CPU.ActiveCfg = Release|Any CPU
		{0A09A4C8-4CA5-E13D-6AAC-9B8C81C09C2E}.Release|Any CPU.Build.0 = Release|Any CPU
		{46C7F848-44C5-62AC-72F4-37A72ED4BF92}.Debug|Any CPU.ActiveCfg = Debug|Any CPU
		{46C7F848-44C5-62AC-72F4-37A72ED4BF92}.Debug|Any CPU.Build.0 = Debug|Any CPU
		{46C7F848-44C5-62AC-72F4-37A72ED4BF92}.Release|Any CPU.ActiveCfg = Release|Any CPU
		{46C7F848-44C5-62AC-72F4-37A72ED4BF92}.Release|Any CPU.Build.0 = Release|Any CPU
		{31E59FA7-24D1-19AC-6C62-0DE03628C0D6}.Debug|Any CPU.ActiveCfg = Debug|Any CPU
		{31E59FA7-24D1-19AC-6C62-0DE03628C0D6}.Debug|Any CPU.Build.0 = Debug|Any CPU
		{31E59FA7-24D1-19AC-6C62-0DE03628C0D6}.Release|Any CPU.ActiveCfg = Release|Any CPU
		{31E59FA7-24D1-19AC-6C62-0DE03628C0D6}.Release|Any CPU.Build.0 = Release|Any CPU
		{673E1DA8-620F-097A-0DB2-3285EC8E7821}.Debug|Any CPU.ActiveCfg = Debug|Any CPU
		{673E1DA8-620F-097A-0DB2-3285EC8E7821}.Debug|Any CPU.Build.0 = Debug|Any CPU
		{673E1DA8-620F-097A-0DB2-3285EC8E7821}.Release|Any CPU.ActiveCfg = Release|Any CPU
		{673E1DA8-620F-097A-0DB2-3285EC8E7821}.Release|Any CPU.Build.0 = Release|Any CPU
		{E09DB020-0F2F-A43B-B773-64C11A1926B5}.Debug|Any CPU.ActiveCfg = Debug|Any CPU
		{E09DB020-0F2F-A43B-B773-64C11A1926B5}.Debug|Any CPU.Build.0 = Debug|Any CPU
		{E09DB020-0F2F-A43B-B773-64C11A1926B5}.Release|Any CPU.ActiveCfg = Release|Any CPU
		{E09DB020-0F2F-A43B-B773-64C11A1926B5}.Release|Any CPU.Build.0 = Release|Any CPU
		{59DAC44E-D248-E67E-4252-258337D8E0FF}.Debug|Any CPU.ActiveCfg = Debug|Any CPU
		{59DAC44E-D248-E67E-4252-258337D8E0FF}.Debug|Any CPU.Build.0 = Debug|Any CPU
		{59DAC44E-D248-E67E-4252-258337D8E0FF}.Release|Any CPU.ActiveCfg = Release|Any CPU
		{59DAC44E-D248-E67E-4252-258337D8E0FF}.Release|Any CPU.Build.0 = Release|Any CPU
		{67F36EF2-3FCC-91B3-8CAB-B3757EAD669C}.Debug|Any CPU.ActiveCfg = Debug|Any CPU
		{67F36EF2-3FCC-91B3-8CAB-B3757EAD669C}.Debug|Any CPU.Build.0 = Debug|Any CPU
		{67F36EF2-3FCC-91B3-8CAB-B3757EAD669C}.Release|Any CPU.ActiveCfg = Release|Any CPU
		{67F36EF2-3FCC-91B3-8CAB-B3757EAD669C}.Release|Any CPU.Build.0 = Release|Any CPU
		{CBA9BE2F-9246-0BE3-A346-91A378B3E01D}.Debug|Any CPU.ActiveCfg = Debug|Any CPU
		{CBA9BE2F-9246-0BE3-A346-91A378B3E01D}.Debug|Any CPU.Build.0 = Debug|Any CPU
		{CBA9BE2F-9246-0BE3-A346-91A378B3E01D}.Release|Any CPU.ActiveCfg = Release|Any CPU
		{CBA9BE2F-9246-0BE3-A346-91A378B3E01D}.Release|Any CPU.Build.0 = Release|Any CPU
		{F9AC4990-A500-CF65-F850-ACCF0D43BBDE}.Debug|Any CPU.ActiveCfg = Debug|Any CPU
		{F9AC4990-A500-CF65-F850-ACCF0D43BBDE}.Debug|Any CPU.Build.0 = Debug|Any CPU
		{F9AC4990-A500-CF65-F850-ACCF0D43BBDE}.Release|Any CPU.ActiveCfg = Release|Any CPU
		{F9AC4990-A500-CF65-F850-ACCF0D43BBDE}.Release|Any CPU.Build.0 = Release|Any CPU
		{F5F04ABD-1CB6-48CA-9909-47B973D46485}.Debug|Any CPU.ActiveCfg = Debug|Any CPU
		{F5F04ABD-1CB6-48CA-9909-47B973D46485}.Debug|Any CPU.Build.0 = Debug|Any CPU
		{F5F04ABD-1CB6-48CA-9909-47B973D46485}.Release|Any CPU.ActiveCfg = Release|Any CPU
		{F5F04ABD-1CB6-48CA-9909-47B973D46485}.Release|Any CPU.Build.0 = Release|Any CPU
		{8BE52F37-17D7-C5E0-760A-A6EBA7D6830E}.Debug|Any CPU.ActiveCfg = Debug|Any CPU
		{8BE52F37-17D7-C5E0-760A-A6EBA7D6830E}.Debug|Any CPU.Build.0 = Debug|Any CPU
		{8BE52F37-17D7-C5E0-760A-A6EBA7D6830E}.Release|Any CPU.ActiveCfg = Release|Any CPU
		{8BE52F37-17D7-C5E0-760A-A6EBA7D6830E}.Release|Any CPU.Build.0 = Release|Any CPU
		{92B86975-1BD5-8ED1-448E-4DABF090F3B4}.Debug|Any CPU.ActiveCfg = Debug|Any CPU
		{92B86975-1BD5-8ED1-448E-4DABF090F3B4}.Debug|Any CPU.Build.0 = Debug|Any CPU
		{92B86975-1BD5-8ED1-448E-4DABF090F3B4}.Release|Any CPU.ActiveCfg = Release|Any CPU
		{92B86975-1BD5-8ED1-448E-4DABF090F3B4}.Release|Any CPU.Build.0 = Release|Any CPU
		{9708943E-4CD1-BB49-2855-2ECA354BDBFE}.Debug|Any CPU.ActiveCfg = Debug|Any CPU
		{9708943E-4CD1-BB49-2855-2ECA354BDBFE}.Debug|Any CPU.Build.0 = Debug|Any CPU
		{9708943E-4CD1-BB49-2855-2ECA354BDBFE}.Release|Any CPU.ActiveCfg = Release|Any CPU
		{9708943E-4CD1-BB49-2855-2ECA354BDBFE}.Release|Any CPU.Build.0 = Release|Any CPU
		{27C4CA7B-1B19-8F4E-794F-035394C746D7}.Debug|Any CPU.ActiveCfg = Debug|Any CPU
		{27C4CA7B-1B19-8F4E-794F-035394C746D7}.Debug|Any CPU.Build.0 = Debug|Any CPU
		{27C4CA7B-1B19-8F4E-794F-035394C746D7}.Release|Any CPU.ActiveCfg = Release|Any CPU
		{27C4CA7B-1B19-8F4E-794F-035394C746D7}.Release|Any CPU.Build.0 = Release|Any CPU
		{8B1BEFD2-1727-B71F-0FEF-A2DC7A725EEE}.Debug|Any CPU.ActiveCfg = Debug|Any CPU
		{8B1BEFD2-1727-B71F-0FEF-A2DC7A725EEE}.Debug|Any CPU.Build.0 = Debug|Any CPU
		{8B1BEFD2-1727-B71F-0FEF-A2DC7A725EEE}.Release|Any CPU.ActiveCfg = Release|Any CPU
		{8B1BEFD2-1727-B71F-0FEF-A2DC7A725EEE}.Release|Any CPU.Build.0 = Release|Any CPU
		{7BE0FECA-A7F0-CFF0-AA92-FB508B0F8F3A}.Debug|Any CPU.ActiveCfg = Debug|Any CPU
		{7BE0FECA-A7F0-CFF0-AA92-FB508B0F8F3A}.Debug|Any CPU.Build.0 = Debug|Any CPU
		{7BE0FECA-A7F0-CFF0-AA92-FB508B0F8F3A}.Release|Any CPU.ActiveCfg = Release|Any CPU
		{7BE0FECA-A7F0-CFF0-AA92-FB508B0F8F3A}.Release|Any CPU.Build.0 = Release|Any CPU
	EndGlobalSection
	GlobalSection(SolutionProperties) = preSolution
		HideSolutionNode = FALSE
	EndGlobalSection
EndGlobal
